
Microsoft Visual Studio Solution File, Format Version 12.00
# Visual Studio 2012
Project("{FAE04EC0-301F-11D3-BF4B-00C04F79EFBC}") = "Структуры", "Структуры\Структуры.csproj", "{421C009D-4014-4908-8B5B-65F3A8091C12}"
EndProject
Global
	GlobalSection(SolutionConfigurationPlatforms) = preSolution
		Debug|Any CPU = Debug|Any CPU
		Release|Any CPU = Release|Any CPU
	EndGlobalSection
	GlobalSection(ProjectConfigurationPlatforms) = postSolution
		{421C009D-4014-4908-8B5B-65F3A8091C12}.Debug|Any CPU.ActiveCfg = Debug|Any CPU
		{421C009D-4014-4908-8B5B-65F3A8091C12}.Debug|Any CPU.Build.0 = Debug|Any CPU
		{421C009D-4014-4908-8B5B-65F3A8091C12}.Release|Any CPU.ActiveCfg = Release|Any CPU
		{421C009D-4014-4908-8B5B-65F3A8091C12}.Release|Any CPU.Build.0 = Release|Any CPU
	EndGlobalSection
	GlobalSection(SolutionProperties) = preSolution
		HideSolutionNode = FALSE
	EndGlobalSection
EndGlobal
