
Microsoft Visual Studio Solution File, Format Version 12.00
# Visual Studio 14
VisualStudioVersion = 14.0.25420.1
MinimumVisualStudioVersion = 10.0.40219.1
Project("{FAE04EC0-301F-11D3-BF4B-00C04F79EFBC}") = "inheritance", "inheritance\inheritance.csproj", "{BCD547A4-94FB-491B-9415-14ECBA0CAACF}"
EndProject
Project("{FAE04EC0-301F-11D3-BF4B-00C04F79EFBC}") = "Program", "Program\Program.csproj", "{D2E49600-77C2-443F-B55C-6D4746878C74}"
EndProject
Global
	GlobalSection(SolutionConfigurationPlatforms) = preSolution
		Debug|Any CPU = Debug|Any CPU
		Release|Any CPU = Release|Any CPU
	EndGlobalSection
	GlobalSection(ProjectConfigurationPlatforms) = postSolution
		{BCD547A4-94FB-491B-9415-14ECBA0CAACF}.Debug|Any CPU.ActiveCfg = Debug|Any CPU
		{BCD547A4-94FB-491B-9415-14ECBA0CAACF}.Debug|Any CPU.Build.0 = Debug|Any CPU
		{BCD547A4-94FB-491B-9415-14ECBA0CAACF}.Release|Any CPU.ActiveCfg = Release|Any CPU
		{BCD547A4-94FB-491B-9415-14ECBA0CAACF}.Release|Any CPU.Build.0 = Release|Any CPU
		{D2E49600-77C2-443F-B55C-6D4746878C74}.Debug|Any CPU.ActiveCfg = Debug|Any CPU
		{D2E49600-77C2-443F-B55C-6D4746878C74}.Debug|Any CPU.Build.0 = Debug|Any CPU
		{D2E49600-77C2-443F-B55C-6D4746878C74}.Release|Any CPU.ActiveCfg = Release|Any CPU
		{D2E49600-77C2-443F-B55C-6D4746878C74}.Release|Any CPU.Build.0 = Release|Any CPU
	EndGlobalSection
	GlobalSection(SolutionProperties) = preSolution
		HideSolutionNode = FALSE
	EndGlobalSection
EndGlobal
