
Microsoft Visual Studio Solution File, Format Version 12.00
# Visual Studio 2012
Project("{8BC9CEB8-8B4A-11D0-8D11-00A0C91BC942}") = "Calculator", "Calculator\Calculator.vcxproj", "{F41F6E0D-086C-4D9E-9B92-01DD6E726437}"
EndProject
Project("{2150E333-8FDC-42A3-9474-1A3956D46DE8}") = "Solution Items", "Solution Items", "{FE5D905E-C9D7-431F-A3D0-A331E672F512}"
	ProjectSection(SolutionItems) = preProject
		..\..\..\..\APPDATA\LOCAL\MICROSOFT\VISUALSTUDIO\11.0\EXTENSIONS\LDEJ0RP5.PQQ\description.html = ..\..\..\..\APPDATA\LOCAL\MICROSOFT\VISUALSTUDIO\11.0\EXTENSIONS\LDEJ0RP5.PQQ\description.html
	EndProjectSection
EndProject
Global
	GlobalSection(SolutionConfigurationPlatforms) = preSolution
		Debug|Win32 = Debug|Win32
		Release|Win32 = Release|Win32
	EndGlobalSection
	GlobalSection(ProjectConfigurationPlatforms) = postSolution
		{F41F6E0D-086C-4D9E-9B92-01DD6E726437}.Debug|Win32.ActiveCfg = Debug|Win32
		{F41F6E0D-086C-4D9E-9B92-01DD6E726437}.Debug|Win32.Build.0 = Debug|Win32
		{F41F6E0D-086C-4D9E-9B92-01DD6E726437}.Release|Win32.ActiveCfg = Release|Win32
		{F41F6E0D-086C-4D9E-9B92-01DD6E726437}.Release|Win32.Build.0 = Release|Win32
	EndGlobalSection
	GlobalSection(SolutionProperties) = preSolution
		HideSolutionNode = FALSE
	EndGlobalSection
EndGlobal
