
Microsoft Visual Studio Solution File, Format Version 12.00
# Visual Studio 2012
Project("{FAE04EC0-301F-11D3-BF4B-00C04F79EFBC}") = "Null Nullable", "Null\Null Nullable.csproj", "{DAA6DB93-B426-40D6-B8E7-6EC44D1BBC82}"
EndProject
Global
	GlobalSection(SolutionConfigurationPlatforms) = preSolution
		Debug|Any CPU = Debug|Any CPU
		Release|Any CPU = Release|Any CPU
	EndGlobalSection
	GlobalSection(ProjectConfigurationPlatforms) = postSolution
		{DAA6DB93-B426-40D6-B8E7-6EC44D1BBC82}.Debug|Any CPU.ActiveCfg = Debug|Any CPU
		{DAA6DB93-B426-40D6-B8E7-6EC44D1BBC82}.Debug|Any CPU.Build.0 = Debug|Any CPU
		{DAA6DB93-B426-40D6-B8E7-6EC44D1BBC82}.Release|Any CPU.ActiveCfg = Release|Any CPU
		{DAA6DB93-B426-40D6-B8E7-6EC44D1BBC82}.Release|Any CPU.Build.0 = Release|Any CPU
	EndGlobalSection
	GlobalSection(SolutionProperties) = preSolution
		HideSolutionNode = FALSE
	EndGlobalSection
EndGlobal
